
Microsoft Visual Studio Solution File, Format Version 12.00
# Visual Studio 15
VisualStudioVersion = 15.0.26124.0
MinimumVisualStudioVersion = 15.0.26124.0
Project("{9A19103F-16F7-4668-BE54-9A1E7A4F7556}") = "remind-me-api.tests", "api-tests\remind-me-api.tests.csproj", "{165FA0FB-7E2F-485E-AA12-32DDC0CEF0D0}"
EndProject
Project("{9A19103F-16F7-4668-BE54-9A1E7A4F7556}") = "remind-me-api", "remind-me-api\remind-me-api.csproj", "{5F13C087-82E6-4525-80BD-B0614BAEB53E}"
EndProject
Global
	GlobalSection(SolutionConfigurationPlatforms) = preSolution
		Debug|Any CPU = Debug|Any CPU
		Debug|x64 = Debug|x64
		Debug|x86 = Debug|x86
		Release|Any CPU = Release|Any CPU
		Release|x64 = Release|x64
		Release|x86 = Release|x86
	EndGlobalSection
	GlobalSection(ProjectConfigurationPlatforms) = postSolution
		{165FA0FB-7E2F-485E-AA12-32DDC0CEF0D0}.Debug|Any CPU.ActiveCfg = Debug|Any CPU
		{165FA0FB-7E2F-485E-AA12-32DDC0CEF0D0}.Debug|Any CPU.Build.0 = Debug|Any CPU
		{165FA0FB-7E2F-485E-AA12-32DDC0CEF0D0}.Debug|x64.ActiveCfg = Debug|Any CPU
		{165FA0FB-7E2F-485E-AA12-32DDC0CEF0D0}.Debug|x64.Build.0 = Debug|Any CPU
		{165FA0FB-7E2F-485E-AA12-32DDC0CEF0D0}.Debug|x86.ActiveCfg = Debug|Any CPU
		{165FA0FB-7E2F-485E-AA12-32DDC0CEF0D0}.Debug|x86.Build.0 = Debug|Any CPU
		{165FA0FB-7E2F-485E-AA12-32DDC0CEF0D0}.Release|Any CPU.ActiveCfg = Release|Any CPU
		{165FA0FB-7E2F-485E-AA12-32DDC0CEF0D0}.Release|Any CPU.Build.0 = Release|Any CPU
		{165FA0FB-7E2F-485E-AA12-32DDC0CEF0D0}.Release|x64.ActiveCfg = Release|Any CPU
		{165FA0FB-7E2F-485E-AA12-32DDC0CEF0D0}.Release|x64.Build.0 = Release|Any CPU
		{165FA0FB-7E2F-485E-AA12-32DDC0CEF0D0}.Release|x86.ActiveCfg = Release|Any CPU
		{165FA0FB-7E2F-485E-AA12-32DDC0CEF0D0}.Release|x86.Build.0 = Release|Any CPU
		{5F13C087-82E6-4525-80BD-B0614BAEB53E}.Debug|Any CPU.ActiveCfg = Debug|Any CPU
		{5F13C087-82E6-4525-80BD-B0614BAEB53E}.Debug|Any CPU.Build.0 = Debug|Any CPU
		{5F13C087-82E6-4525-80BD-B0614BAEB53E}.Debug|x64.ActiveCfg = Debug|Any CPU
		{5F13C087-82E6-4525-80BD-B0614BAEB53E}.Debug|x64.Build.0 = Debug|Any CPU
		{5F13C087-82E6-4525-80BD-B0614BAEB53E}.Debug|x86.ActiveCfg = Debug|Any CPU
		{5F13C087-82E6-4525-80BD-B0614BAEB53E}.Debug|x86.Build.0 = Debug|Any CPU
		{5F13C087-82E6-4525-80BD-B0614BAEB53E}.Release|Any CPU.ActiveCfg = Release|Any CPU
		{5F13C087-82E6-4525-80BD-B0614BAEB53E}.Release|Any CPU.Build.0 = Release|Any CPU
		{5F13C087-82E6-4525-80BD-B0614BAEB53E}.Release|x64.ActiveCfg = Release|Any CPU
		{5F13C087-82E6-4525-80BD-B0614BAEB53E}.Release|x64.Build.0 = Release|Any CPU
		{5F13C087-82E6-4525-80BD-B0614BAEB53E}.Release|x86.ActiveCfg = Release|Any CPU
		{5F13C087-82E6-4525-80BD-B0614BAEB53E}.Release|x86.Build.0 = Release|Any CPU
	EndGlobalSection
	GlobalSection(SolutionProperties) = preSolution
		HideSolutionNode = FALSE
	EndGlobalSection
	GlobalSection(ExtensibilityGlobals) = postSolution
		SolutionGuid = {9275A38A-D271-4E19-8AF9-94784EF38298}
	EndGlobalSection
EndGlobal
